
Microsoft Visual Studio Solution File, Format Version 12.00
# Visual Studio Express 2012 for Windows Desktop
Project("{FAE04EC0-301F-11D3-BF4B-00C04F79EFBC}") = "CustomerFile", "CustomerFile\CustomerFile.csproj", "{BBA45BE4-404B-42F4-BE1B-C038FA29D094}"
EndProject
Global
	GlobalSection(SolutionConfigurationPlatforms) = preSolution
		Debug|Any CPU = Debug|Any CPU
		Release|Any CPU = Release|Any CPU
	EndGlobalSection
	GlobalSection(ProjectConfigurationPlatforms) = postSolution
		{BBA45BE4-404B-42F4-BE1B-C038FA29D094}.Debug|Any CPU.ActiveCfg = Debug|Any CPU
		{BBA45BE4-404B-42F4-BE1B-C038FA29D094}.Debug|Any CPU.Build.0 = Debug|Any CPU
		{BBA45BE4-404B-42F4-BE1B-C038FA29D094}.Release|Any CPU.ActiveCfg = Release|Any CPU
		{BBA45BE4-404B-42F4-BE1B-C038FA29D094}.Release|Any CPU.Build.0 = Release|Any CPU
	EndGlobalSection
	GlobalSection(SolutionProperties) = preSolution
		HideSolutionNode = FALSE
	EndGlobalSection
EndGlobal
